
Microsoft Visual Studio Solution File, Format Version 12.00
# Visual Studio Version 17
VisualStudioVersion = 17.7.34024.191
MinimumVisualStudioVersion = 10.0.40219.1
Project("{FAE04EC0-301F-11D3-BF4B-00C04F79EFBC}") = "LabOne", "LabOne.csproj", "{4332C831-A704-4B3E-8C29-9F3C3D112C6E}"
EndProject
Global
	GlobalSection(SolutionConfigurationPlatforms) = preSolution
		Debug|Any CPU = Debug|Any CPU
		Release|Any CPU = Release|Any CPU
	EndGlobalSection
	GlobalSection(ProjectConfigurationPlatforms) = postSolution
		{4332C831-A704-4B3E-8C29-9F3C3D112C6E}.Debug|Any CPU.ActiveCfg = Debug|Any CPU
		{4332C831-A704-4B3E-8C29-9F3C3D112C6E}.Debug|Any CPU.Build.0 = Debug|Any CPU
		{4332C831-A704-4B3E-8C29-9F3C3D112C6E}.Release|Any CPU.ActiveCfg = Release|Any CPU
		{4332C831-A704-4B3E-8C29-9F3C3D112C6E}.Release|Any CPU.Build.0 = Release|Any CPU
	EndGlobalSection
	GlobalSection(SolutionProperties) = preSolution
		HideSolutionNode = FALSE
	EndGlobalSection
	GlobalSection(ExtensibilityGlobals) = postSolution
		SolutionGuid = {D9D8296D-1456-4EC2-97D6-5A83D197B59B}
	EndGlobalSection
EndGlobal
